
Microsoft Visual Studio Solution File, Format Version 12.00
Project("{FAE04EC0-301F-11D3-BF4B-00C04F79EFBC}") = "HashTable", "HashTable\HashTable.csproj", "{7265EFEB-C978-460C-B15D-353A132CF0BB}"
EndProject
Global
	GlobalSection(SolutionConfigurationPlatforms) = preSolution
		Debug|Any CPU = Debug|Any CPU
		Release|Any CPU = Release|Any CPU
	EndGlobalSection
	GlobalSection(ProjectConfigurationPlatforms) = postSolution
		{7265EFEB-C978-460C-B15D-353A132CF0BB}.Debug|Any CPU.ActiveCfg = Debug|Any CPU
		{7265EFEB-C978-460C-B15D-353A132CF0BB}.Debug|Any CPU.Build.0 = Debug|Any CPU
		{7265EFEB-C978-460C-B15D-353A132CF0BB}.Release|Any CPU.ActiveCfg = Release|Any CPU
		{7265EFEB-C978-460C-B15D-353A132CF0BB}.Release|Any CPU.Build.0 = Release|Any CPU
	EndGlobalSection
EndGlobal
